
Microsoft Visual Studio Solution File, Format Version 12.00
# Visual Studio Version 17
VisualStudioVersion = 17.14.36121.58
MinimumVisualStudioVersion = 10.0.40219.1
Project("{FAE04EC0-301F-11D3-BF4B-00C04F79EFBC}") = "MWPV", "MWPV.csproj", "{09C7D1EA-0E67-4323-81CD-50670176EB57}"
EndProject
Project("{FAE04EC0-301F-11D3-BF4B-00C04F79EFBC}") = "Security.Utility", "..\Security.Utility\Security.Utility.csproj", "{94A6D114-78B4-D96E-0B0A-D478BEF4A0C3}"
EndProject
Project("{FAE04EC0-301F-11D3-BF4B-00C04F79EFBC}") = "KeyFileLogic", "KeyFileLogic\KeyFileLogic.csproj", "{0773DABF-CCDF-4B44-8B48-13B30ECAC899}"
EndProject
Project("{FAE04EC0-301F-11D3-BF4B-00C04F79EFBC}") = "MigrationUpgrade", "MigrationUpgrade\MigrationUpgrade.csproj", "{87233B39-7EF3-4CE2-9E72-0A610D3458BB}"
EndProject
Global
	GlobalSection(SolutionConfigurationPlatforms) = preSolution
		Debug|Any CPU = Debug|Any CPU
		Release|Any CPU = Release|Any CPU
	EndGlobalSection
	GlobalSection(ProjectConfigurationPlatforms) = postSolution
		{09C7D1EA-0E67-4323-81CD-50670176EB57}.Debug|Any CPU.ActiveCfg = Debug|Any CPU
		{09C7D1EA-0E67-4323-81CD-50670176EB57}.Debug|Any CPU.Build.0 = Debug|Any CPU
		{09C7D1EA-0E67-4323-81CD-50670176EB57}.Release|Any CPU.ActiveCfg = Release|Any CPU
		{09C7D1EA-0E67-4323-81CD-50670176EB57}.Release|Any CPU.Build.0 = Release|Any CPU
		{94A6D114-78B4-D96E-0B0A-D478BEF4A0C3}.Debug|Any CPU.ActiveCfg = Debug|Any CPU
		{94A6D114-78B4-D96E-0B0A-D478BEF4A0C3}.Debug|Any CPU.Build.0 = Debug|Any CPU
		{94A6D114-78B4-D96E-0B0A-D478BEF4A0C3}.Release|Any CPU.ActiveCfg = Release|Any CPU
		{94A6D114-78B4-D96E-0B0A-D478BEF4A0C3}.Release|Any CPU.Build.0 = Release|Any CPU
		{0773DABF-CCDF-4B44-8B48-13B30ECAC899}.Debug|Any CPU.ActiveCfg = Debug|Any CPU
		{0773DABF-CCDF-4B44-8B48-13B30ECAC899}.Debug|Any CPU.Build.0 = Debug|Any CPU
		{0773DABF-CCDF-4B44-8B48-13B30ECAC899}.Release|Any CPU.ActiveCfg = Release|Any CPU
		{0773DABF-CCDF-4B44-8B48-13B30ECAC899}.Release|Any CPU.Build.0 = Release|Any CPU
		{87233B39-7EF3-4CE2-9E72-0A610D3458BB}.Debug|Any CPU.ActiveCfg = Debug|Any CPU
		{87233B39-7EF3-4CE2-9E72-0A610D3458BB}.Debug|Any CPU.Build.0 = Debug|Any CPU
		{87233B39-7EF3-4CE2-9E72-0A610D3458BB}.Release|Any CPU.ActiveCfg = Release|Any CPU
		{87233B39-7EF3-4CE2-9E72-0A610D3458BB}.Release|Any CPU.Build.0 = Release|Any CPU
	EndGlobalSection
	GlobalSection(SolutionProperties) = preSolution
		HideSolutionNode = FALSE
	EndGlobalSection
	GlobalSection(ExtensibilityGlobals) = postSolution
		SolutionGuid = {1C758B97-EE8A-47CC-A87F-2B01C5E42B3C}
	EndGlobalSection
EndGlobal
