
Microsoft Visual Studio Solution File, Format Version 12.00
# Visual Studio Version 17
VisualStudioVersion = 17.14.36121.58
MinimumVisualStudioVersion = 10.0.40219.1
Project("{FAE04EC0-301F-11D3-BF4B-00C04F79EFBC}") = "MWPV", "MWPV.csproj", "{09C7D1EA-0E67-4323-81CD-50670176EB57}"
EndProject
Project("{FAE04EC0-301F-11D3-BF4B-00C04F79EFBC}") = "Security.Utility", "..\Security.Utility\Security.Utility.csproj", "{94A6D114-78B4-D96E-0B0A-D478BEF4A0C3}"
EndProject
Project("{FAE04EC0-301F-11D3-BF4B-00C04F79EFBC}") = "KeyFileLogic", "KeyFileLogic\KeyFileLogic.csproj", "{0773DABF-CCDF-4B44-8B48-13B30ECAC899}"
EndProject
Project("{FAE04EC0-301F-11D3-BF4B-00C04F79EFBC}") = "Backup.Utility", "..\Backup.Utility\Backup.Utility.csproj", "{588EB57A-763B-4D54-BAA3-C95C6FD922D4}"
EndProject
Project("{FAE04EC0-301F-11D3-BF4B-00C04F79EFBC}") = "Backup.Utility.Tests", "..\Backup.Utility.Tests\Backup.Utility.Tests.csproj", "{30706621-1393-45FA-980C-35C2B3904AFB}"
EndProject
Project("{FAE04EC0-301F-11D3-BF4B-00C04F79EFBC}") = "MWPV.SqlCatalog", "MWPV.SqlCatalog\MWPV.SqlCatalog.csproj", "{341FA9F5-2098-47F9-A5EE-0316FF3CDA89}"
EndProject
Project("{FAE04EC0-301F-11D3-BF4B-00C04F79EFBC}") = "MWPV.SqlCatalog.Tests", "MWPV.SqlCatalog.Tests\MWPV.SqlCatalog.Tests.csproj", "{85D47CDB-3913-4DAC-A41E-AC7BC0D27B62}"
EndProject
Global
	GlobalSection(SolutionConfigurationPlatforms) = preSolution
		Debug|Any CPU = Debug|Any CPU
		Debug|x64 = Debug|x64
		Debug|x86 = Debug|x86
		Release|Any CPU = Release|Any CPU
		Release|x64 = Release|x64
		Release|x86 = Release|x86
	EndGlobalSection
	GlobalSection(ProjectConfigurationPlatforms) = postSolution
		{09C7D1EA-0E67-4323-81CD-50670176EB57}.Debug|Any CPU.ActiveCfg = Debug|Any CPU
		{09C7D1EA-0E67-4323-81CD-50670176EB57}.Debug|Any CPU.Build.0 = Debug|Any CPU
		{09C7D1EA-0E67-4323-81CD-50670176EB57}.Debug|x64.ActiveCfg = Debug|Any CPU
		{09C7D1EA-0E67-4323-81CD-50670176EB57}.Debug|x64.Build.0 = Debug|Any CPU
		{09C7D1EA-0E67-4323-81CD-50670176EB57}.Debug|x86.ActiveCfg = Debug|Any CPU
		{09C7D1EA-0E67-4323-81CD-50670176EB57}.Debug|x86.Build.0 = Debug|Any CPU
		{09C7D1EA-0E67-4323-81CD-50670176EB57}.Release|Any CPU.ActiveCfg = Release|Any CPU
		{09C7D1EA-0E67-4323-81CD-50670176EB57}.Release|Any CPU.Build.0 = Release|Any CPU
		{09C7D1EA-0E67-4323-81CD-50670176EB57}.Release|x64.ActiveCfg = Release|Any CPU
		{09C7D1EA-0E67-4323-81CD-50670176EB57}.Release|x64.Build.0 = Release|Any CPU
		{09C7D1EA-0E67-4323-81CD-50670176EB57}.Release|x86.ActiveCfg = Release|Any CPU
		{09C7D1EA-0E67-4323-81CD-50670176EB57}.Release|x86.Build.0 = Release|Any CPU
		{94A6D114-78B4-D96E-0B0A-D478BEF4A0C3}.Debug|Any CPU.ActiveCfg = Debug|Any CPU
		{94A6D114-78B4-D96E-0B0A-D478BEF4A0C3}.Debug|Any CPU.Build.0 = Debug|Any CPU
		{94A6D114-78B4-D96E-0B0A-D478BEF4A0C3}.Debug|x64.ActiveCfg = Debug|Any CPU
		{94A6D114-78B4-D96E-0B0A-D478BEF4A0C3}.Debug|x64.Build.0 = Debug|Any CPU
		{94A6D114-78B4-D96E-0B0A-D478BEF4A0C3}.Debug|x86.ActiveCfg = Debug|Any CPU
		{94A6D114-78B4-D96E-0B0A-D478BEF4A0C3}.Debug|x86.Build.0 = Debug|Any CPU
		{94A6D114-78B4-D96E-0B0A-D478BEF4A0C3}.Release|Any CPU.ActiveCfg = Release|Any CPU
		{94A6D114-78B4-D96E-0B0A-D478BEF4A0C3}.Release|Any CPU.Build.0 = Release|Any CPU
		{94A6D114-78B4-D96E-0B0A-D478BEF4A0C3}.Release|x64.ActiveCfg = Release|Any CPU
		{94A6D114-78B4-D96E-0B0A-D478BEF4A0C3}.Release|x64.Build.0 = Release|Any CPU
		{94A6D114-78B4-D96E-0B0A-D478BEF4A0C3}.Release|x86.ActiveCfg = Release|Any CPU
		{94A6D114-78B4-D96E-0B0A-D478BEF4A0C3}.Release|x86.Build.0 = Release|Any CPU
		{0773DABF-CCDF-4B44-8B48-13B30ECAC899}.Debug|Any CPU.ActiveCfg = Debug|Any CPU
		{0773DABF-CCDF-4B44-8B48-13B30ECAC899}.Debug|Any CPU.Build.0 = Debug|Any CPU
		{0773DABF-CCDF-4B44-8B48-13B30ECAC899}.Debug|x64.ActiveCfg = Debug|Any CPU
		{0773DABF-CCDF-4B44-8B48-13B30ECAC899}.Debug|x64.Build.0 = Debug|Any CPU
		{0773DABF-CCDF-4B44-8B48-13B30ECAC899}.Debug|x86.ActiveCfg = Debug|Any CPU
		{0773DABF-CCDF-4B44-8B48-13B30ECAC899}.Debug|x86.Build.0 = Debug|Any CPU
		{0773DABF-CCDF-4B44-8B48-13B30ECAC899}.Release|Any CPU.ActiveCfg = Release|Any CPU
		{0773DABF-CCDF-4B44-8B48-13B30ECAC899}.Release|Any CPU.Build.0 = Release|Any CPU
		{0773DABF-CCDF-4B44-8B48-13B30ECAC899}.Release|x64.ActiveCfg = Release|Any CPU
		{0773DABF-CCDF-4B44-8B48-13B30ECAC899}.Release|x64.Build.0 = Release|Any CPU
		{0773DABF-CCDF-4B44-8B48-13B30ECAC899}.Release|x86.ActiveCfg = Release|Any CPU
		{0773DABF-CCDF-4B44-8B48-13B30ECAC899}.Release|x86.Build.0 = Release|Any CPU
		{588EB57A-763B-4D54-BAA3-C95C6FD922D4}.Debug|Any CPU.ActiveCfg = Debug|Any CPU
		{588EB57A-763B-4D54-BAA3-C95C6FD922D4}.Debug|Any CPU.Build.0 = Debug|Any CPU
		{588EB57A-763B-4D54-BAA3-C95C6FD922D4}.Debug|x64.ActiveCfg = Debug|Any CPU
		{588EB57A-763B-4D54-BAA3-C95C6FD922D4}.Debug|x64.Build.0 = Debug|Any CPU
		{588EB57A-763B-4D54-BAA3-C95C6FD922D4}.Debug|x86.ActiveCfg = Debug|Any CPU
		{588EB57A-763B-4D54-BAA3-C95C6FD922D4}.Debug|x86.Build.0 = Debug|Any CPU
		{588EB57A-763B-4D54-BAA3-C95C6FD922D4}.Release|Any CPU.ActiveCfg = Release|Any CPU
		{588EB57A-763B-4D54-BAA3-C95C6FD922D4}.Release|Any CPU.Build.0 = Release|Any CPU
		{588EB57A-763B-4D54-BAA3-C95C6FD922D4}.Release|x64.ActiveCfg = Release|Any CPU
		{588EB57A-763B-4D54-BAA3-C95C6FD922D4}.Release|x64.Build.0 = Release|Any CPU
		{588EB57A-763B-4D54-BAA3-C95C6FD922D4}.Release|x86.ActiveCfg = Release|Any CPU
		{588EB57A-763B-4D54-BAA3-C95C6FD922D4}.Release|x86.Build.0 = Release|Any CPU
		{30706621-1393-45FA-980C-35C2B3904AFB}.Debug|Any CPU.ActiveCfg = Debug|Any CPU
		{30706621-1393-45FA-980C-35C2B3904AFB}.Debug|Any CPU.Build.0 = Debug|Any CPU
		{30706621-1393-45FA-980C-35C2B3904AFB}.Debug|x64.ActiveCfg = Debug|Any CPU
		{30706621-1393-45FA-980C-35C2B3904AFB}.Debug|x64.Build.0 = Debug|Any CPU
		{30706621-1393-45FA-980C-35C2B3904AFB}.Debug|x86.ActiveCfg = Debug|Any CPU
		{30706621-1393-45FA-980C-35C2B3904AFB}.Debug|x86.Build.0 = Debug|Any CPU
		{30706621-1393-45FA-980C-35C2B3904AFB}.Release|Any CPU.ActiveCfg = Release|Any CPU
		{30706621-1393-45FA-980C-35C2B3904AFB}.Release|Any CPU.Build.0 = Release|Any CPU
		{30706621-1393-45FA-980C-35C2B3904AFB}.Release|x64.ActiveCfg = Release|Any CPU
		{30706621-1393-45FA-980C-35C2B3904AFB}.Release|x64.Build.0 = Release|Any CPU
		{30706621-1393-45FA-980C-35C2B3904AFB}.Release|x86.ActiveCfg = Release|Any CPU
		{30706621-1393-45FA-980C-35C2B3904AFB}.Release|x86.Build.0 = Release|Any CPU
		{341FA9F5-2098-47F9-A5EE-0316FF3CDA89}.Debug|Any CPU.ActiveCfg = Debug|Any CPU
		{341FA9F5-2098-47F9-A5EE-0316FF3CDA89}.Debug|Any CPU.Build.0 = Debug|Any CPU
		{341FA9F5-2098-47F9-A5EE-0316FF3CDA89}.Debug|x64.ActiveCfg = Debug|Any CPU
		{341FA9F5-2098-47F9-A5EE-0316FF3CDA89}.Debug|x64.Build.0 = Debug|Any CPU
		{341FA9F5-2098-47F9-A5EE-0316FF3CDA89}.Debug|x86.ActiveCfg = Debug|Any CPU
		{341FA9F5-2098-47F9-A5EE-0316FF3CDA89}.Debug|x86.Build.0 = Debug|Any CPU
		{341FA9F5-2098-47F9-A5EE-0316FF3CDA89}.Release|Any CPU.ActiveCfg = Release|Any CPU
		{341FA9F5-2098-47F9-A5EE-0316FF3CDA89}.Release|Any CPU.Build.0 = Release|Any CPU
		{341FA9F5-2098-47F9-A5EE-0316FF3CDA89}.Release|x64.ActiveCfg = Release|Any CPU
		{341FA9F5-2098-47F9-A5EE-0316FF3CDA89}.Release|x64.Build.0 = Release|Any CPU
		{341FA9F5-2098-47F9-A5EE-0316FF3CDA89}.Release|x86.ActiveCfg = Release|Any CPU
		{341FA9F5-2098-47F9-A5EE-0316FF3CDA89}.Release|x86.Build.0 = Release|Any CPU
		{85D47CDB-3913-4DAC-A41E-AC7BC0D27B62}.Debug|Any CPU.ActiveCfg = Debug|Any CPU
		{85D47CDB-3913-4DAC-A41E-AC7BC0D27B62}.Debug|Any CPU.Build.0 = Debug|Any CPU
		{85D47CDB-3913-4DAC-A41E-AC7BC0D27B62}.Debug|x64.ActiveCfg = Debug|Any CPU
		{85D47CDB-3913-4DAC-A41E-AC7BC0D27B62}.Debug|x64.Build.0 = Debug|Any CPU
		{85D47CDB-3913-4DAC-A41E-AC7BC0D27B62}.Debug|x86.ActiveCfg = Debug|Any CPU
		{85D47CDB-3913-4DAC-A41E-AC7BC0D27B62}.Debug|x86.Build.0 = Debug|Any CPU
		{85D47CDB-3913-4DAC-A41E-AC7BC0D27B62}.Release|Any CPU.ActiveCfg = Release|Any CPU
		{85D47CDB-3913-4DAC-A41E-AC7BC0D27B62}.Release|Any CPU.Build.0 = Release|Any CPU
		{85D47CDB-3913-4DAC-A41E-AC7BC0D27B62}.Release|x64.ActiveCfg = Release|Any CPU
		{85D47CDB-3913-4DAC-A41E-AC7BC0D27B62}.Release|x64.Build.0 = Release|Any CPU
		{85D47CDB-3913-4DAC-A41E-AC7BC0D27B62}.Release|x86.ActiveCfg = Release|Any CPU
		{85D47CDB-3913-4DAC-A41E-AC7BC0D27B62}.Release|x86.Build.0 = Release|Any CPU
	EndGlobalSection
	GlobalSection(SolutionProperties) = preSolution
		HideSolutionNode = FALSE
	EndGlobalSection
	GlobalSection(ExtensibilityGlobals) = postSolution
		SolutionGuid = {1C758B97-EE8A-47CC-A87F-2B01C5E42B3C}
	EndGlobalSection
EndGlobal
